Microsoft Visual Studio Solution File, Format Version 10.00
# Visual Studio 2008
Project("{8BC9CEB8-8B4A-11D0-8D11-00A0C91BC942}") = "libecm", "libecm\libecm.vcproj", "{CD555681-D65B-4173-A29C-B8BF06A4871B}"
EndProject
Project("{8BC9CEB8-8B4A-11D0-8D11-00A0C91BC942}") = "ecm", "ecm\ecm.vcproj", "{C0E2EA85-996A-4B5F-AD30-590FAF5B7187}"
	ProjectSection(ProjectDependencies) = postProject
		{CD555681-D65B-4173-A29C-B8BF06A4871B} = {CD555681-D65B-4173-A29C-B8BF06A4871B}
	EndProjectSection
EndProject
Project("{8BC9CEB8-8B4A-11D0-8D11-00A0C91BC942}") = "tune", "tune\tune.vcproj", "{80E08750-5C6C-492E-BB1E-7200978AE125}"
EndProject
Global
	GlobalSection(SolutionConfigurationPlatforms) = preSolution
		Debug-AMD|Win32 = Debug-AMD|Win32
		Debug-AMD|x64 = Debug-AMD|x64
		Debug-Intel|Win32 = Debug-Intel|Win32
		Debug-Intel|x64 = Debug-Intel|x64
		Release-AMD|Win32 = Release-AMD|Win32
		Release-AMD|x64 = Release-AMD|x64
		Release-Intel|Win32 = Release-Intel|Win32
		Release-Intel|x64 = Release-Intel|x64
	EndGlobalSection
	GlobalSection(ProjectConfigurationPlatforms) = postSolution
		{CD555681-D65B-4173-A29C-B8BF06A4871B}.Debug-AMD|Win32.ActiveCfg = Debug-AMD|Win32
		{CD555681-D65B-4173-A29C-B8BF06A4871B}.Debug-AMD|Win32.Build.0 = Debug-AMD|Win32
		{CD555681-D65B-4173-A29C-B8BF06A4871B}.Debug-AMD|x64.ActiveCfg = Debug-AMD|x64
		{CD555681-D65B-4173-A29C-B8BF06A4871B}.Debug-AMD|x64.Build.0 = Debug-AMD|x64
		{CD555681-D65B-4173-A29C-B8BF06A4871B}.Debug-Intel|Win32.ActiveCfg = Debug-Intel|Win32
		{CD555681-D65B-4173-A29C-B8BF06A4871B}.Debug-Intel|Win32.Build.0 = Debug-Intel|Win32
		{CD555681-D65B-4173-A29C-B8BF06A4871B}.Debug-Intel|x64.ActiveCfg = Debug-Intel|x64
		{CD555681-D65B-4173-A29C-B8BF06A4871B}.Debug-Intel|x64.Build.0 = Debug-Intel|x64
		{CD555681-D65B-4173-A29C-B8BF06A4871B}.Release-AMD|Win32.ActiveCfg = Release-AMD|Win32
		{CD555681-D65B-4173-A29C-B8BF06A4871B}.Release-AMD|Win32.Build.0 = Release-AMD|Win32
		{CD555681-D65B-4173-A29C-B8BF06A4871B}.Release-AMD|x64.ActiveCfg = Release-AMD|x64
		{CD555681-D65B-4173-A29C-B8BF06A4871B}.Release-AMD|x64.Build.0 = Release-AMD|x64
		{CD555681-D65B-4173-A29C-B8BF06A4871B}.Release-Intel|Win32.ActiveCfg = Release-Intel|Win32
		{CD555681-D65B-4173-A29C-B8BF06A4871B}.Release-Intel|Win32.Build.0 = Release-Intel|Win32
		{CD555681-D65B-4173-A29C-B8BF06A4871B}.Release-Intel|x64.ActiveCfg = Release-Intel|x64
		{CD555681-D65B-4173-A29C-B8BF06A4871B}.Release-Intel|x64.Build.0 = Release-Intel|x64
		{C0E2EA85-996A-4B5F-AD30-590FAF5B7187}.Debug-AMD|Win32.ActiveCfg = Debug-AMD|Win32
		{C0E2EA85-996A-4B5F-AD30-590FAF5B7187}.Debug-AMD|Win32.Build.0 = Debug-AMD|Win32
		{C0E2EA85-996A-4B5F-AD30-590FAF5B7187}.Debug-AMD|x64.ActiveCfg = Debug-AMD|x64
		{C0E2EA85-996A-4B5F-AD30-590FAF5B7187}.Debug-AMD|x64.Build.0 = Debug-AMD|x64
		{C0E2EA85-996A-4B5F-AD30-590FAF5B7187}.Debug-Intel|Win32.ActiveCfg = Debug-Intel|Win32
		{C0E2EA85-996A-4B5F-AD30-590FAF5B7187}.Debug-Intel|Win32.Build.0 = Debug-Intel|Win32
		{C0E2EA85-996A-4B5F-AD30-590FAF5B7187}.Debug-Intel|x64.ActiveCfg = Debug-Intel|x64
		{C0E2EA85-996A-4B5F-AD30-590FAF5B7187}.Debug-Intel|x64.Build.0 = Debug-Intel|x64
		{C0E2EA85-996A-4B5F-AD30-590FAF5B7187}.Release-AMD|Win32.ActiveCfg = Release-AMD|Win32
		{C0E2EA85-996A-4B5F-AD30-590FAF5B7187}.Release-AMD|Win32.Build.0 = Release-AMD|Win32
		{C0E2EA85-996A-4B5F-AD30-590FAF5B7187}.Release-AMD|x64.ActiveCfg = Release-AMD|x64
		{C0E2EA85-996A-4B5F-AD30-590FAF5B7187}.Release-AMD|x64.Build.0 = Release-AMD|x64
		{C0E2EA85-996A-4B5F-AD30-590FAF5B7187}.Release-Intel|Win32.ActiveCfg = Release-Intel|Win32
		{C0E2EA85-996A-4B5F-AD30-590FAF5B7187}.Release-Intel|Win32.Build.0 = Release-Intel|Win32
		{C0E2EA85-996A-4B5F-AD30-590FAF5B7187}.Release-Intel|x64.ActiveCfg = Release-Intel|x64
		{C0E2EA85-996A-4B5F-AD30-590FAF5B7187}.Release-Intel|x64.Build.0 = Release-Intel|x64
		{80E08750-5C6C-492E-BB1E-7200978AE125}.Debug-AMD|Win32.ActiveCfg = Release-AMD|Win32
		{80E08750-5C6C-492E-BB1E-7200978AE125}.Debug-AMD|x64.ActiveCfg = Release-AMD|x64
		{80E08750-5C6C-492E-BB1E-7200978AE125}.Debug-Intel|Win32.ActiveCfg = Release-Intel|Win32
		{80E08750-5C6C-492E-BB1E-7200978AE125}.Debug-Intel|x64.ActiveCfg = Release-Intel|x64
		{80E08750-5C6C-492E-BB1E-7200978AE125}.Release-AMD|Win32.ActiveCfg = Release-AMD|Win32
		{80E08750-5C6C-492E-BB1E-7200978AE125}.Release-AMD|Win32.Build.0 = Release-AMD|Win32
		{80E08750-5C6C-492E-BB1E-7200978AE125}.Release-AMD|x64.ActiveCfg = Release-AMD|x64
		{80E08750-5C6C-492E-BB1E-7200978AE125}.Release-AMD|x64.Build.0 = Release-AMD|x64
		{80E08750-5C6C-492E-BB1E-7200978AE125}.Release-Intel|Win32.ActiveCfg = Release-Intel|x64
		{80E08750-5C6C-492E-BB1E-7200978AE125}.Release-Intel|Win32.Build.0 = Release-Intel|x64
		{80E08750-5C6C-492E-BB1E-7200978AE125}.Release-Intel|x64.ActiveCfg = Release-Intel|x64
		{80E08750-5C6C-492E-BB1E-7200978AE125}.Release-Intel|x64.Build.0 = Release-Intel|x64
	EndGlobalSection
	GlobalSection(SolutionProperties) = preSolution
		HideSolutionNode = FALSE
	EndGlobalSection
EndGlobal
